
Microsoft Visual Studio Solution File, Format Version 12.00
# Visual Studio Version 17
VisualStudioVersion = 17.13.35919.96 d17.13
MinimumVisualStudioVersion = 10.0.40219.1
Project("{FAE04EC0-301F-11D3-BF4B-00C04F79EFBC}") = "FizzBuzzService", "FizzBuzzService\FizzBuzzService.csproj", "{32C23AAF-F59C-47AF-93EE-1CF65355F897}"
EndProject
Project("{FAE04EC0-301F-11D3-BF4B-00C04F79EFBC}") = "FizzBuzzService.UnitTests", "FizzBuzzService.UnitTests\FizzBuzzService.UnitTests.csproj", "{699D6EA0-3669-4AE1-8DFA-ABCE30D2B9A3}"
EndProject
Project("{FAE04EC0-301F-11D3-BF4B-00C04F79EFBC}") = "FizzBuzzService.Generation", "FizzBuzzService.Generation\FizzBuzzService.Generation.csproj", "{B7ADEDFC-85D3-423C-890D-3C6E2CF9BCBA}"
EndProject
Global
	GlobalSection(SolutionConfigurationPlatforms) = preSolution
		Debug|Any CPU = Debug|Any CPU
		Release|Any CPU = Release|Any CPU
	EndGlobalSection
	GlobalSection(ProjectConfigurationPlatforms) = postSolution
		{32C23AAF-F59C-47AF-93EE-1CF65355F897}.Debug|Any CPU.ActiveCfg = Debug|Any CPU
		{32C23AAF-F59C-47AF-93EE-1CF65355F897}.Debug|Any CPU.Build.0 = Debug|Any CPU
		{32C23AAF-F59C-47AF-93EE-1CF65355F897}.Release|Any CPU.ActiveCfg = Release|Any CPU
		{32C23AAF-F59C-47AF-93EE-1CF65355F897}.Release|Any CPU.Build.0 = Release|Any CPU
		{699D6EA0-3669-4AE1-8DFA-ABCE30D2B9A3}.Debug|Any CPU.ActiveCfg = Debug|Any CPU
		{699D6EA0-3669-4AE1-8DFA-ABCE30D2B9A3}.Debug|Any CPU.Build.0 = Debug|Any CPU
		{699D6EA0-3669-4AE1-8DFA-ABCE30D2B9A3}.Release|Any CPU.ActiveCfg = Release|Any CPU
		{699D6EA0-3669-4AE1-8DFA-ABCE30D2B9A3}.Release|Any CPU.Build.0 = Release|Any CPU
		{B7ADEDFC-85D3-423C-890D-3C6E2CF9BCBA}.Debug|Any CPU.ActiveCfg = Debug|Any CPU
		{B7ADEDFC-85D3-423C-890D-3C6E2CF9BCBA}.Debug|Any CPU.Build.0 = Debug|Any CPU
		{B7ADEDFC-85D3-423C-890D-3C6E2CF9BCBA}.Release|Any CPU.ActiveCfg = Release|Any CPU
		{B7ADEDFC-85D3-423C-890D-3C6E2CF9BCBA}.Release|Any CPU.Build.0 = Release|Any CPU
	EndGlobalSection
	GlobalSection(SolutionProperties) = preSolution
		HideSolutionNode = FALSE
	EndGlobalSection
	GlobalSection(ExtensibilityGlobals) = postSolution
		SolutionGuid = {EE803AB1-5589-4ED1-942B-D49F10E7CC04}
	EndGlobalSection
EndGlobal
